
Microsoft Visual Studio Solution File, Format Version 11.00
# Visual Studio 2010
Project("{FAE04EC0-301F-11D3-BF4B-00C04F79EFBC}") = "d08", "Assembly-CSharp-firstpass.csproj", "{9F916F55-2641-02E1-826C-7940E2B1F25A}"
EndProject
Project("{FAE04EC0-301F-11D3-BF4B-00C04F79EFBC}") = "d08", "Assembly-CSharp.csproj", "{7BA55D57-7DA7-3AC3-DBBD-3C9E79295CFE}"
EndProject
Project("{FAE04EC0-301F-11D3-BF4B-00C04F79EFBC}") = "d08", "Assembly-CSharp-Editor-firstpass.csproj", "{A2C4564B-C67A-C7D0-9BB0-78A8BFD4CEE6}"
EndProject
Global
	GlobalSection(SolutionConfigurationPlatforms) = preSolution
		Debug|Any CPU = Debug|Any CPU
		Release|Any CPU = Release|Any CPU
	EndGlobalSection
	GlobalSection(ProjectConfigurationPlatforms) = postSolution
		{9F916F55-2641-02E1-826C-7940E2B1F25A}.Debug|Any CPU.ActiveCfg = Debug|Any CPU
		{9F916F55-2641-02E1-826C-7940E2B1F25A}.Debug|Any CPU.Build.0 = Debug|Any CPU
		{9F916F55-2641-02E1-826C-7940E2B1F25A}.Release|Any CPU.ActiveCfg = Release|Any CPU
		{9F916F55-2641-02E1-826C-7940E2B1F25A}.Release|Any CPU.Build.0 = Release|Any CPU
		{7BA55D57-7DA7-3AC3-DBBD-3C9E79295CFE}.Debug|Any CPU.ActiveCfg = Debug|Any CPU
		{7BA55D57-7DA7-3AC3-DBBD-3C9E79295CFE}.Debug|Any CPU.Build.0 = Debug|Any CPU
		{7BA55D57-7DA7-3AC3-DBBD-3C9E79295CFE}.Release|Any CPU.ActiveCfg = Release|Any CPU
		{7BA55D57-7DA7-3AC3-DBBD-3C9E79295CFE}.Release|Any CPU.Build.0 = Release|Any CPU
		{A2C4564B-C67A-C7D0-9BB0-78A8BFD4CEE6}.Debug|Any CPU.ActiveCfg = Debug|Any CPU
		{A2C4564B-C67A-C7D0-9BB0-78A8BFD4CEE6}.Debug|Any CPU.Build.0 = Debug|Any CPU
		{A2C4564B-C67A-C7D0-9BB0-78A8BFD4CEE6}.Release|Any CPU.ActiveCfg = Release|Any CPU
		{A2C4564B-C67A-C7D0-9BB0-78A8BFD4CEE6}.Release|Any CPU.Build.0 = Release|Any CPU
	EndGlobalSection
	GlobalSection(SolutionProperties) = preSolution
		HideSolutionNode = FALSE
	EndGlobalSection
	GlobalSection(MonoDevelopProperties) = preSolution
		StartupItem = Assembly-CSharp.csproj
	EndGlobalSection
EndGlobal
